
Microsoft Visual Studio Solution File, Format Version 12.00
# Visual Studio 15
VisualStudioVersion = 15.0.27703.2047
MinimumVisualStudioVersion = 10.0.40219.1
Project("{8BC9CEB8-8B4A-11D0-8D11-00A0C91BC942}") = "PP01.HelloSDL", "PP01.HelloSDL\PP01.HelloSDL.vcxproj", "{151DCFAF-F807-4CA1-9F97-55C8D8D545BD}"
EndProject
Project("{8BC9CEB8-8B4A-11D0-8D11-00A0C91BC942}") = "PP02.BreakUpHelloSDL", "PP02.BreakUpHelloSDL\PP02.BreakUpHelloSDL.vcxproj", "{C1214574-E465-4844-A063-AC83D7E3A458}"
EndProject
Project("{8BC9CEB8-8B4A-11D0-8D11-00A0C91BC942}") = "PP03.GameClass", "PP03.GameClass\PP03.GameClass.vcxproj", "{AB06D6AB-A412-4950-A115-C9A5937BCBC1}"
EndProject
Project("{8BC9CEB8-8B4A-11D0-8D11-00A0C91BC942}") = "PP04.BasicDrawing", "PP04.BasicDrawing\PP04.BasicDrawing.vcxproj", "{011C634A-4727-4536-8C89-DDDEA3B389EA}"
EndProject
Project("{8BC9CEB8-8B4A-11D0-8D11-00A0C91BC942}") = "PP05.AnimatingSprite", "PP05.AnimatingSprite\PP05.AnimatingSprite.vcxproj", "{9B4EA938-2D45-4E0B-9861-C94727861E5E}"
EndProject
Project("{8BC9CEB8-8B4A-11D0-8D11-00A0C91BC942}") = "PP06.ImageSprite", "PP06.ImageSprite\PP06.ImageSprite.vcxproj", "{D199480B-C93B-43E6-88BC-1B32A1769921}"
EndProject
Project("{8BC9CEB8-8B4A-11D0-8D11-00A0C91BC942}") = "PP07.TextureManager", "PP07.TextureManager\PP07.TextureManager.vcxproj", "{5C4A7227-9D5A-42BB-AD1B-4BE79377BDC7}"
EndProject
Global
	GlobalSection(SolutionConfigurationPlatforms) = preSolution
		Debug|x64 = Debug|x64
		Debug|x86 = Debug|x86
		Release|x64 = Release|x64
		Release|x86 = Release|x86
	EndGlobalSection
	GlobalSection(ProjectConfigurationPlatforms) = postSolution
		{151DCFAF-F807-4CA1-9F97-55C8D8D545BD}.Debug|x64.ActiveCfg = Debug|x64
		{151DCFAF-F807-4CA1-9F97-55C8D8D545BD}.Debug|x64.Build.0 = Debug|x64
		{151DCFAF-F807-4CA1-9F97-55C8D8D545BD}.Debug|x86.ActiveCfg = Debug|Win32
		{151DCFAF-F807-4CA1-9F97-55C8D8D545BD}.Debug|x86.Build.0 = Debug|Win32
		{151DCFAF-F807-4CA1-9F97-55C8D8D545BD}.Release|x64.ActiveCfg = Release|x64
		{151DCFAF-F807-4CA1-9F97-55C8D8D545BD}.Release|x64.Build.0 = Release|x64
		{151DCFAF-F807-4CA1-9F97-55C8D8D545BD}.Release|x86.ActiveCfg = Release|Win32
		{151DCFAF-F807-4CA1-9F97-55C8D8D545BD}.Release|x86.Build.0 = Release|Win32
		{C1214574-E465-4844-A063-AC83D7E3A458}.Debug|x64.ActiveCfg = Debug|x64
		{C1214574-E465-4844-A063-AC83D7E3A458}.Debug|x64.Build.0 = Debug|x64
		{C1214574-E465-4844-A063-AC83D7E3A458}.Debug|x86.ActiveCfg = Debug|Win32
		{C1214574-E465-4844-A063-AC83D7E3A458}.Debug|x86.Build.0 = Debug|Win32
		{C1214574-E465-4844-A063-AC83D7E3A458}.Release|x64.ActiveCfg = Release|x64
		{C1214574-E465-4844-A063-AC83D7E3A458}.Release|x64.Build.0 = Release|x64
		{C1214574-E465-4844-A063-AC83D7E3A458}.Release|x86.ActiveCfg = Release|Win32
		{C1214574-E465-4844-A063-AC83D7E3A458}.Release|x86.Build.0 = Release|Win32
		{AB06D6AB-A412-4950-A115-C9A5937BCBC1}.Debug|x64.ActiveCfg = Debug|x64
		{AB06D6AB-A412-4950-A115-C9A5937BCBC1}.Debug|x64.Build.0 = Debug|x64
		{AB06D6AB-A412-4950-A115-C9A5937BCBC1}.Debug|x86.ActiveCfg = Debug|Win32
		{AB06D6AB-A412-4950-A115-C9A5937BCBC1}.Debug|x86.Build.0 = Debug|Win32
		{AB06D6AB-A412-4950-A115-C9A5937BCBC1}.Release|x64.ActiveCfg = Release|x64
		{AB06D6AB-A412-4950-A115-C9A5937BCBC1}.Release|x64.Build.0 = Release|x64
		{AB06D6AB-A412-4950-A115-C9A5937BCBC1}.Release|x86.ActiveCfg = Release|Win32
		{AB06D6AB-A412-4950-A115-C9A5937BCBC1}.Release|x86.Build.0 = Release|Win32
		{011C634A-4727-4536-8C89-DDDEA3B389EA}.Debug|x64.ActiveCfg = Debug|x64
		{011C634A-4727-4536-8C89-DDDEA3B389EA}.Debug|x64.Build.0 = Debug|x64
		{011C634A-4727-4536-8C89-DDDEA3B389EA}.Debug|x86.ActiveCfg = Debug|Win32
		{011C634A-4727-4536-8C89-DDDEA3B389EA}.Debug|x86.Build.0 = Debug|Win32
		{011C634A-4727-4536-8C89-DDDEA3B389EA}.Release|x64.ActiveCfg = Release|x64
		{011C634A-4727-4536-8C89-DDDEA3B389EA}.Release|x64.Build.0 = Release|x64
		{011C634A-4727-4536-8C89-DDDEA3B389EA}.Release|x86.ActiveCfg = Release|Win32
		{011C634A-4727-4536-8C89-DDDEA3B389EA}.Release|x86.Build.0 = Release|Win32
		{9B4EA938-2D45-4E0B-9861-C94727861E5E}.Debug|x64.ActiveCfg = Debug|x64
		{9B4EA938-2D45-4E0B-9861-C94727861E5E}.Debug|x64.Build.0 = Debug|x64
		{9B4EA938-2D45-4E0B-9861-C94727861E5E}.Debug|x86.ActiveCfg = Debug|Win32
		{9B4EA938-2D45-4E0B-9861-C94727861E5E}.Debug|x86.Build.0 = Debug|Win32
		{9B4EA938-2D45-4E0B-9861-C94727861E5E}.Release|x64.ActiveCfg = Release|x64
		{9B4EA938-2D45-4E0B-9861-C94727861E5E}.Release|x64.Build.0 = Release|x64
		{9B4EA938-2D45-4E0B-9861-C94727861E5E}.Release|x86.ActiveCfg = Release|Win32
		{9B4EA938-2D45-4E0B-9861-C94727861E5E}.Release|x86.Build.0 = Release|Win32
		{D199480B-C93B-43E6-88BC-1B32A1769921}.Debug|x64.ActiveCfg = Debug|x64
		{D199480B-C93B-43E6-88BC-1B32A1769921}.Debug|x64.Build.0 = Debug|x64
		{D199480B-C93B-43E6-88BC-1B32A1769921}.Debug|x86.ActiveCfg = Debug|Win32
		{D199480B-C93B-43E6-88BC-1B32A1769921}.Debug|x86.Build.0 = Debug|Win32
		{D199480B-C93B-43E6-88BC-1B32A1769921}.Release|x64.ActiveCfg = Release|x64
		{D199480B-C93B-43E6-88BC-1B32A1769921}.Release|x64.Build.0 = Release|x64
		{D199480B-C93B-43E6-88BC-1B32A1769921}.Release|x86.ActiveCfg = Release|Win32
		{D199480B-C93B-43E6-88BC-1B32A1769921}.Release|x86.Build.0 = Release|Win32
		{5C4A7227-9D5A-42BB-AD1B-4BE79377BDC7}.Debug|x64.ActiveCfg = Debug|x64
		{5C4A7227-9D5A-42BB-AD1B-4BE79377BDC7}.Debug|x64.Build.0 = Debug|x64
		{5C4A7227-9D5A-42BB-AD1B-4BE79377BDC7}.Debug|x86.ActiveCfg = Debug|Win32
		{5C4A7227-9D5A-42BB-AD1B-4BE79377BDC7}.Debug|x86.Build.0 = Debug|Win32
		{5C4A7227-9D5A-42BB-AD1B-4BE79377BDC7}.Release|x64.ActiveCfg = Release|x64
		{5C4A7227-9D5A-42BB-AD1B-4BE79377BDC7}.Release|x64.Build.0 = Release|x64
		{5C4A7227-9D5A-42BB-AD1B-4BE79377BDC7}.Release|x86.ActiveCfg = Release|Win32
		{5C4A7227-9D5A-42BB-AD1B-4BE79377BDC7}.Release|x86.Build.0 = Release|Win32
	EndGlobalSection
	GlobalSection(SolutionProperties) = preSolution
		HideSolutionNode = FALSE
	EndGlobalSection
	GlobalSection(ExtensibilityGlobals) = postSolution
		SolutionGuid = {9ED696C5-7187-4CBA-A915-C814721EAD13}
	EndGlobalSection
EndGlobal
